
Microsoft Visual Studio Solution File, Format Version 12.00
# Visual Studio Version 16
VisualStudioVersion = 16.0.29424.173
MinimumVisualStudioVersion = 10.0.40219.1
Project("{FAE04EC0-301F-11D3-BF4B-00C04F79EFBC}") = "RestaurantPhase1", "RestaurantPhase1\RestaurantPhase1.csproj", "{232695B7-F4C3-47C1-BE54-32EA9AB21C4D}"
EndProject
Global
	GlobalSection(SolutionConfigurationPlatforms) = preSolution
		Debug|Any CPU = Debug|Any CPU
		Release|Any CPU = Release|Any CPU
	EndGlobalSection
	GlobalSection(ProjectConfigurationPlatforms) = postSolution
		{232695B7-F4C3-47C1-BE54-32EA9AB21C4D}.Debug|Any CPU.ActiveCfg = Debug|Any CPU
		{232695B7-F4C3-47C1-BE54-32EA9AB21C4D}.Debug|Any CPU.Build.0 = Debug|Any CPU
		{232695B7-F4C3-47C1-BE54-32EA9AB21C4D}.Release|Any CPU.ActiveCfg = Release|Any CPU
		{232695B7-F4C3-47C1-BE54-32EA9AB21C4D}.Release|Any CPU.Build.0 = Release|Any CPU
	EndGlobalSection
	GlobalSection(SolutionProperties) = preSolution
		HideSolutionNode = FALSE
	EndGlobalSection
	GlobalSection(ExtensibilityGlobals) = postSolution
		SolutionGuid = {AB53C4BC-7D47-4288-A399-2639DCAE73A3}
	EndGlobalSection
EndGlobal
