
Microsoft Visual Studio Solution File, Format Version 12.00
# Visual Studio Version 16
VisualStudioVersion = 16.0.29326.143
MinimumVisualStudioVersion = 10.0.40219.1
Project("{FAE04EC0-301F-11D3-BF4B-00C04F79EFBC}") = "exerciciVariablesPhase3", "exerciciVariablesPhase3\exerciciVariablesPhase3.csproj", "{1CBF5EB6-2CDB-46DE-A80B-67474214A91E}"
EndProject
Global
	GlobalSection(SolutionConfigurationPlatforms) = preSolution
		Debug|Any CPU = Debug|Any CPU
		Release|Any CPU = Release|Any CPU
	EndGlobalSection
	GlobalSection(ProjectConfigurationPlatforms) = postSolution
		{1CBF5EB6-2CDB-46DE-A80B-67474214A91E}.Debug|Any CPU.ActiveCfg = Debug|Any CPU
		{1CBF5EB6-2CDB-46DE-A80B-67474214A91E}.Debug|Any CPU.Build.0 = Debug|Any CPU
		{1CBF5EB6-2CDB-46DE-A80B-67474214A91E}.Release|Any CPU.ActiveCfg = Release|Any CPU
		{1CBF5EB6-2CDB-46DE-A80B-67474214A91E}.Release|Any CPU.Build.0 = Release|Any CPU
	EndGlobalSection
	GlobalSection(SolutionProperties) = preSolution
		HideSolutionNode = FALSE
	EndGlobalSection
	GlobalSection(ExtensibilityGlobals) = postSolution
		SolutionGuid = {22421827-6835-4DCF-B655-F69B1C0B50C5}
	EndGlobalSection
EndGlobal
